{
  "nodes": {
    "nixpkgs": {
      "locked": {
        "lastModified": 1764491476,
        "narHash": "sha256-E4rtgPS7fntINb6fVJ5qQdkhfbZn8pzMYNdmiXqZmCo=",
        "owner": "NixOS",
        "repo": "nixpkgs",
        "rev": "54f09efd2ca0dd5bb9c5fafc89573ab3ac44701d",
        "type": "github"
      },
      "original": {
        "owner": "NixOS",
        "ref": "nixpkgs-25.11-darwin",
        "repo": "nixpkgs",
        "type": "github"
      }
    },
    "root": {
      "inputs": {
        "nixpkgs": "nixpkgs"
      }
    }
  },
  "root": "root",
  "version": 7
}
